// !$*UTF8*$!
{
	archiveVersion = 1;
	classes = {
	};
	objectVersion = 56;
	objects = {

/* Begin PBXBuildFile section */
		B923052B2C5766A50032BF5C /* LandmarksApp.swift in Sources */ = {isa = PBXBuildFile; fileRef = B923052A2C5766A50032BF5C /* LandmarksApp.swift */; };
		B923052D2C5766A50032BF5C /* ContentView.swift in Sources */ = {isa = PBXBuildFile; fileRef = B923052C2C5766A50032BF5C /* ContentView.swift */; };
		B923052F2C5766A70032BF5C /* Assets.xcassets in Resources */ = {isa = PBXBuildFile; fileRef = B923052E2C5766A70032BF5C /* Assets.xcassets */; };
		B92305322C5766A70032BF5C /* Preview Assets.xcassets in Resources */ = {isa = PBXBuildFile; fileRef = B92305312C5766A70032BF5C /* Preview Assets.xcassets */; };
		B92305392C5769E80032BF5C /* CircleImage.swift in Sources */ = {isa = PBXBuildFile; fileRef = B92305382C5769E80032BF5C /* CircleImage.swift */; };
		B923053B2C576B050032BF5C /* MapView.swift in Sources */ = {isa = PBXBuildFile; fileRef = B923053A2C576B050032BF5C /* MapView.swift */; };
		B923053D2C576E110032BF5C /* landmarkData.json in Resources */ = {isa = PBXBuildFile; fileRef = B923053C2C576E110032BF5C /* landmarkData.json */; };
		B923053F2C576E390032BF5C /* LandMark.swift in Sources */ = {isa = PBXBuildFile; fileRef = B923053E2C576E390032BF5C /* LandMark.swift */; };
		B92305412C5770EB0032BF5C /* ModelData.swift in Sources */ = {isa = PBXBuildFile; fileRef = B92305402C5770EB0032BF5C /* ModelData.swift */; };
		B92305462C5773ED0032BF5C /* LandMarkRow.swift in Sources */ = {isa = PBXBuildFile; fileRef = B92305452C5773ED0032BF5C /* LandMarkRow.swift */; };
		B92305482C5779FF0032BF5C /* LandMarkList.swift in Sources */ = {isa = PBXBuildFile; fileRef = B92305472C5779FF0032BF5C /* LandMarkList.swift */; };
		B923054A2C577BEF0032BF5C /* LandMarkDetail.swift in Sources */ = {isa = PBXBuildFile; fileRef = B92305492C577BEF0032BF5C /* LandMarkDetail.swift */; };
		B923054C2C57A1120032BF5C /* favoriteButton.swift in Sources */ = {isa = PBXBuildFile; fileRef = B923054B2C57A1120032BF5C /* favoriteButton.swift */; };
		B923054E2C5A124C0032BF5C /* HexagonParameter.swift in Sources */ = {isa = PBXBuildFile; fileRef = B923054D2C5A124C0032BF5C /* HexagonParameter.swift */; };
		B92305502C5A13400032BF5C /* BadgeBackground.swift in Sources */ = {isa = PBXBuildFile; fileRef = B923054F2C5A13400032BF5C /* BadgeBackground.swift */; };
		B92305522C5A188E0032BF5C /* BadgeSymbol.swift in Sources */ = {isa = PBXBuildFile; fileRef = B92305512C5A188E0032BF5C /* BadgeSymbol.swift */; };
		B92305542C5A19990032BF5C /* RotatedBadgeSymbol.swift in Sources */ = {isa = PBXBuildFile; fileRef = B92305532C5A19990032BF5C /* RotatedBadgeSymbol.swift */; };
		B92305562C5A1B1E0032BF5C /* Badge.swift in Sources */ = {isa = PBXBuildFile; fileRef = B92305552C5A1B1E0032BF5C /* Badge.swift */; };
		B92305592C5A1F040032BF5C /* hikeData.json in Resources */ = {isa = PBXBuildFile; fileRef = B92305582C5A1F030032BF5C /* hikeData.json */; };
		B923055B2C5A1F740032BF5C /* Hike.swift in Sources */ = {isa = PBXBuildFile; fileRef = B923055A2C5A1F740032BF5C /* Hike.swift */; };
		B923055F2C5A270A0032BF5C /* CategoryHome.swift in Sources */ = {isa = PBXBuildFile; fileRef = B923055E2C5A270A0032BF5C /* CategoryHome.swift */; };
		B92305612C5A28430032BF5C /* CategoryRow.swift in Sources */ = {isa = PBXBuildFile; fileRef = B92305602C5A28430032BF5C /* CategoryRow.swift */; };
/* End PBXBuildFile section */

/* Begin PBXFileReference section */
		B92305272C5766A50032BF5C /* Landmarks.app */ = {isa = PBXFileReference; explicitFileType = wrapper.application; includeInIndex = 0; path = Landmarks.app; sourceTree = BUILT_PRODUCTS_DIR; };
		B923052A2C5766A50032BF5C /* LandmarksApp.swift */ = {isa = PBXFileReference; lastKnownFileType = sourcecode.swift; path = LandmarksApp.swift; sourceTree = "<group>"; };
		B923052C2C5766A50032BF5C /* ContentView.swift */ = {isa = PBXFileReference; lastKnownFileType = sourcecode.swift; path = ContentView.swift; sourceTree = "<group>"; };
		B923052E2C5766A70032BF5C /* Assets.xcassets */ = {isa = PBXFileReference; lastKnownFileType = folder.assetcatalog; path = Assets.xcassets; sourceTree = "<group>"; };
		B92305312C5766A70032BF5C /* Preview Assets.xcassets */ = {isa = PBXFileReference; lastKnownFileType = folder.assetcatalog; path = "Preview Assets.xcassets"; sourceTree = "<group>"; };
		B92305382C5769E80032BF5C /* CircleImage.swift */ = {isa = PBXFileReference; lastKnownFileType = sourcecode.swift; path = CircleImage.swift; sourceTree = "<group>"; };
		B923053A2C576B050032BF5C /* MapView.swift */ = {isa = PBXFileReference; lastKnownFileType = sourcecode.swift; path = MapView.swift; sourceTree = "<group>"; };
		B923053C2C576E110032BF5C /* landmarkData.json */ = {isa = PBXFileReference; fileEncoding = 4; lastKnownFileType = text.json; path = landmarkData.json; sourceTree = "<group>"; };
		B923053E2C576E390032BF5C /* LandMark.swift */ = {isa = PBXFileReference; lastKnownFileType = sourcecode.swift; path = LandMark.swift; sourceTree = "<group>"; };
		B92305402C5770EB0032BF5C /* ModelData.swift */ = {isa = PBXFileReference; lastKnownFileType = sourcecode.swift; path = ModelData.swift; sourceTree = "<group>"; };
		B92305452C5773ED0032BF5C /* LandMarkRow.swift */ = {isa = PBXFileReference; lastKnownFileType = sourcecode.swift; path = LandMarkRow.swift; sourceTree = "<group>"; };
		B92305472C5779FF0032BF5C /* LandMarkList.swift */ = {isa = PBXFileReference; lastKnownFileType = sourcecode.swift; path = LandMarkList.swift; sourceTree = "<group>"; };
		B92305492C577BEF0032BF5C /* LandMarkDetail.swift */ = {isa = PBXFileReference; lastKnownFileType = sourcecode.swift; path = LandMarkDetail.swift; sourceTree = "<group>"; };
		B923054B2C57A1120032BF5C /* favoriteButton.swift */ = {isa = PBXFileReference; lastKnownFileType = sourcecode.swift; path = favoriteButton.swift; sourceTree = "<group>"; };
		B923054D2C5A124C0032BF5C /* HexagonParameter.swift */ = {isa = PBXFileReference; lastKnownFileType = sourcecode.swift; path = HexagonParameter.swift; sourceTree = "<group>"; };
		B923054F2C5A13400032BF5C /* BadgeBackground.swift */ = {isa = PBXFileReference; lastKnownFileType = sourcecode.swift; path = BadgeBackground.swift; sourceTree = "<group>"; };
		B92305512C5A188E0032BF5C /* BadgeSymbol.swift */ = {isa = PBXFileReference; lastKnownFileType = sourcecode.swift; path = BadgeSymbol.swift; sourceTree = "<group>"; };
		B92305532C5A19990032BF5C /* RotatedBadgeSymbol.swift */ = {isa = PBXFileReference; lastKnownFileType = sourcecode.swift; path = RotatedBadgeSymbol.swift; sourceTree = "<group>"; };
		B92305552C5A1B1E0032BF5C /* Badge.swift */ = {isa = PBXFileReference; lastKnownFileType = sourcecode.swift; path = Badge.swift; sourceTree = "<group>"; };
		B92305582C5A1F030032BF5C /* hikeData.json */ = {isa = PBXFileReference; fileEncoding = 4; lastKnownFileType = text.json; path = hikeData.json; sourceTree = "<group>"; };
		B923055A2C5A1F740032BF5C /* Hike.swift */ = {isa = PBXFileReference; lastKnownFileType = sourcecode.swift; path = Hike.swift; sourceTree = "<group>"; };
		B923055E2C5A270A0032BF5C /* CategoryHome.swift */ = {isa = PBXFileReference; lastKnownFileType = sourcecode.swift; path = CategoryHome.swift; sourceTree = "<group>"; };
		B92305602C5A28430032BF5C /* CategoryRow.swift */ = {isa = PBXFileReference; lastKnownFileType = sourcecode.swift; path = CategoryRow.swift; sourceTree = "<group>"; };
/* End PBXFileReference section */

/* Begin PBXFrameworksBuildPhase section */
		B92305242C5766A50032BF5C /* Frameworks */ = {
			isa = PBXFrameworksBuildPhase;
			buildActionMask = 2147483647;
			files = (
			);
			runOnlyForDeploymentPostprocessing = 0;
		};
/* End PBXFrameworksBuildPhase section */

/* Begin PBXGroup section */
		B923051E2C5766A50032BF5C = {
			isa = PBXGroup;
			children = (
				B92305292C5766A50032BF5C /* Landmarks */,
				B92305282C5766A50032BF5C /* Products */,
			);
			sourceTree = "<group>";
		};
		B92305282C5766A50032BF5C /* Products */ = {
			isa = PBXGroup;
			children = (
				B92305272C5766A50032BF5C /* Landmarks.app */,
			);
			name = Products;
			sourceTree = "<group>";
		};
		B92305292C5766A50032BF5C /* Landmarks */ = {
			isa = PBXGroup;
			children = (
				B923052A2C5766A50032BF5C /* LandmarksApp.swift */,
				B92305442C5772F40032BF5C /* Views */,
				B92305432C5772E10032BF5C /* Model */,
				B92305422C5772CC0032BF5C /* Resources */,
				B923052E2C5766A70032BF5C /* Assets.xcassets */,
				B92305302C5766A70032BF5C /* Preview Content */,
			);
			path = Landmarks;
			sourceTree = "<group>";
		};
		B92305302C5766A70032BF5C /* Preview Content */ = {
			isa = PBXGroup;
			children = (
				B92305312C5766A70032BF5C /* Preview Assets.xcassets */,
			);
			path = "Preview Content";
			sourceTree = "<group>";
		};
		B92305422C5772CC0032BF5C /* Resources */ = {
			isa = PBXGroup;
			children = (
				B92305582C5A1F030032BF5C /* hikeData.json */,
				B923053C2C576E110032BF5C /* landmarkData.json */,
			);
			path = Resources;
			sourceTree = "<group>";
		};
		B92305432C5772E10032BF5C /* Model */ = {
			isa = PBXGroup;
			children = (
				B923053E2C576E390032BF5C /* LandMark.swift */,
				B92305402C5770EB0032BF5C /* ModelData.swift */,
				B923055A2C5A1F740032BF5C /* Hike.swift */,
			);
			path = Model;
			sourceTree = "<group>";
		};
		B92305442C5772F40032BF5C /* Views */ = {
			isa = PBXGroup;
			children = (
				B92305382C5769E80032BF5C /* CircleImage.swift */,
				B923053A2C576B050032BF5C /* MapView.swift */,
				B92305572C5A1DFD0032BF5C /* Badge */,
				B923052C2C5766A50032BF5C /* ContentView.swift */,
				B923054B2C57A1120032BF5C /* favoriteButton.swift */,
				B92305492C577BEF0032BF5C /* LandMarkDetail.swift */,
				B92305452C5773ED0032BF5C /* LandMarkRow.swift */,
				B923055E2C5A270A0032BF5C /* CategoryHome.swift */,
				B92305602C5A28430032BF5C /* CategoryRow.swift */,
				B92305472C5779FF0032BF5C /* LandMarkList.swift */,
			);
			path = Views;
			sourceTree = "<group>";
		};
		B92305572C5A1DFD0032BF5C /* Badge */ = {
			isa = PBXGroup;
			children = (
				B923054D2C5A124C0032BF5C /* HexagonParameter.swift */,
				B923054F2C5A13400032BF5C /* BadgeBackground.swift */,
				B92305532C5A19990032BF5C /* RotatedBadgeSymbol.swift */,
				B92305552C5A1B1E0032BF5C /* Badge.swift */,
				B92305512C5A188E0032BF5C /* BadgeSymbol.swift */,
			);
			path = Badge;
			sourceTree = "<group>";
		};
/* End PBXGroup section */

/* Begin PBXNativeTarget section */
		B92305262C5766A50032BF5C /* Landmarks */ = {
			isa = PBXNativeTarget;
			buildConfigurationList = B92305352C5766A70032BF5C /* Build configuration list for PBXNativeTarget "Landmarks" */;
			buildPhases = (
				B92305232C5766A50032BF5C /* Sources */,
				B92305242C5766A50032BF5C /* Frameworks */,
				B92305252C5766A50032BF5C /* Resources */,
			);
			buildRules = (
			);
			dependencies = (
			);
			name = Landmarks;
			productName = Landmarks;
			productReference = B92305272C5766A50032BF5C /* Landmarks.app */;
			productType = "com.apple.product-type.application";
		};
/* End PBXNativeTarget section */

/* Begin PBXProject section */
		B923051F2C5766A50032BF5C /* Project object */ = {
			isa = PBXProject;
			attributes = {
				BuildIndependentTargetsInParallel = 1;
				LastSwiftUpdateCheck = 1540;
				LastUpgradeCheck = 1540;
				TargetAttributes = {
					B92305262C5766A50032BF5C = {
						CreatedOnToolsVersion = 15.4;
					};
				};
			};
			buildConfigurationList = B92305222C5766A50032BF5C /* Build configuration list for PBXProject "Landmarks" */;
			compatibilityVersion = "Xcode 14.0";
			developmentRegion = en;
			hasScannedForEncodings = 0;
			knownRegions = (
				en,
				Base,
			);
			mainGroup = B923051E2C5766A50032BF5C;
			productRefGroup = B92305282C5766A50032BF5C /* Products */;
			projectDirPath = "";
			projectRoot = "";
			targets = (
				B92305262C5766A50032BF5C /* Landmarks */,
			);
		};
/* End PBXProject section */

/* Begin PBXResourcesBuildPhase section */
		B92305252C5766A50032BF5C /* Resources */ = {
			isa = PBXResourcesBuildPhase;
			buildActionMask = 2147483647;
			files = (
				B92305592C5A1F040032BF5C /* hikeData.json in Resources */,
				B92305322C5766A70032BF5C /* Preview Assets.xcassets in Resources */,
				B923052F2C5766A70032BF5C /* Assets.xcassets in Resources */,
				B923053D2C576E110032BF5C /* landmarkData.json in Resources */,
			);
			runOnlyForDeploymentPostprocessing = 0;
		};
/* End PBXResourcesBuildPhase section */

/* Begin PBXSourcesBuildPhase section */
		B92305232C5766A50032BF5C /* Sources */ = {
			isa = PBXSourcesBuildPhase;
			buildActionMask = 2147483647;
			files = (
				B923052D2C5766A50032BF5C /* ContentView.swift in Sources */,
				B92305562C5A1B1E0032BF5C /* Badge.swift in Sources */,
				B92305462C5773ED0032BF5C /* LandMarkRow.swift in Sources */,
				B923053F2C576E390032BF5C /* LandMark.swift in Sources */,
				B92305482C5779FF0032BF5C /* LandMarkList.swift in Sources */,
				B923054A2C577BEF0032BF5C /* LandMarkDetail.swift in Sources */,
				B923055B2C5A1F740032BF5C /* Hike.swift in Sources */,
				B92305542C5A19990032BF5C /* RotatedBadgeSymbol.swift in Sources */,
				B92305522C5A188E0032BF5C /* BadgeSymbol.swift in Sources */,
				B923053B2C576B050032BF5C /* MapView.swift in Sources */,
				B923055F2C5A270A0032BF5C /* CategoryHome.swift in Sources */,
				B923052B2C5766A50032BF5C /* LandmarksApp.swift in Sources */,
				B92305502C5A13400032BF5C /* BadgeBackground.swift in Sources */,
				B923054C2C57A1120032BF5C /* favoriteButton.swift in Sources */,
				B923054E2C5A124C0032BF5C /* HexagonParameter.swift in Sources */,
				B92305392C5769E80032BF5C /* CircleImage.swift in Sources */,
				B92305612C5A28430032BF5C /* CategoryRow.swift in Sources */,
				B92305412C5770EB0032BF5C /* ModelData.swift in Sources */,
			);
			runOnlyForDeploymentPostprocessing = 0;
		};
/* End PBXSourcesBuildPhase section */

/* Begin XCBuildConfiguration section */
		B92305332C5766A70032BF5C /* Debug */ = {
			isa = XCBuildConfiguration;
			buildSettings = {
				ALWAYS_SEARCH_USER_PATHS = NO;
				ASSETCATALOG_COMPILER_GENERATE_SWIFT_ASSET_SYMBOL_EXTENSIONS = YES;
				CLANG_ANALYZER_NONNULL = YES;
				CLANG_ANALYZER_NUMBER_OBJECT_CONVERSION = YES_AGGRESSIVE;
				CLANG_CXX_LANGUAGE_STANDARD = "gnu++20";
				CLANG_ENABLE_MODULES = YES;
				CLANG_ENABLE_OBJC_ARC = YES;
				CLANG_ENABLE_OBJC_WEAK = YES;
				CLANG_WARN_BLOCK_CAPTURE_AUTORELEASING = YES;
				CLANG_WARN_BOOL_CONVERSION = YES;
				CLANG_WARN_COMMA = YES;
				CLANG_WARN_CONSTANT_CONVERSION = YES;
				CLANG_WARN_DEPRECATED_OBJC_IMPLEMENTATIONS = YES;
				CLANG_WARN_DIRECT_OBJC_ISA_USAGE = YES_ERROR;
				CLANG_WARN_DOCUMENTATION_COMMENTS = YES;
				CLANG_WARN_EMPTY_BODY = YES;
				CLANG_WARN_ENUM_CONVERSION = YES;
				CLANG_WARN_INFINITE_RECURSION = YES;
				CLANG_WARN_INT_CONVERSION = YES;
				CLANG_WARN_NON_LITERAL_NULL_CONVERSION = YES;
				CLANG_WARN_OBJC_IMPLICIT_RETAIN_SELF = YES;
				CLANG_WARN_OBJC_LITERAL_CONVERSION = YES;
				CLANG_WARN_OBJC_ROOT_CLASS = YES_ERROR;
				CLANG_WARN_QUOTED_INCLUDE_IN_FRAMEWORK_HEADER = YES;
				CLANG_WARN_RANGE_LOOP_ANALYSIS = YES;
				CLANG_WARN_STRICT_PROTOTYPES = YES;
				CLANG_WARN_SUSPICIOUS_MOVE = YES;
				CLANG_WARN_UNGUARDED_AVAILABILITY = YES_AGGRESSIVE;
				CLANG_WARN_UNREACHABLE_CODE = YES;
				CLANG_WARN__DUPLICATE_METHOD_MATCH = YES;
				COPY_PHASE_STRIP = NO;
				DEBUG_INFORMATION_FORMAT = dwarf;
				ENABLE_STRICT_OBJC_MSGSEND = YES;
				ENABLE_TESTABILITY = YES;
				ENABLE_USER_SCRIPT_SANDBOXING = YES;
				GCC_C_LANGUAGE_STANDARD = gnu17;
				GCC_DYNAMIC_NO_PIC = NO;
				GCC_NO_COMMON_BLOCKS = YES;
				GCC_OPTIMIZATION_LEVEL = 0;
				GCC_PREPROCESSOR_DEFINITIONS = (
					"DEBUG=1",
					"$(inherited)",
				);
				GCC_WARN_64_TO_32_BIT_CONVERSION = YES;
				GCC_WARN_ABOUT_RETURN_TYPE = YES_ERROR;
				GCC_WARN_UNDECLARED_SELECTOR = YES;
				GCC_WARN_UNINITIALIZED_AUTOS = YES_AGGRESSIVE;
				GCC_WARN_UNUSED_FUNCTION = YES;
				GCC_WARN_UNUSED_VARIABLE = YES;
				IPHONEOS_DEPLOYMENT_TARGET = 17.5;
				LOCALIZATION_PREFERS_STRING_CATALOGS = YES;
				MTL_ENABLE_DEBUG_INFO = INCLUDE_SOURCE;
				MTL_FAST_MATH = YES;
				ONLY_ACTIVE_ARCH = YES;
				SDKROOT = iphoneos;
				SWIFT_ACTIVE_COMPILATION_CONDITIONS = "DEBUG $(inherited)";
				SWIFT_OPTIMIZATION_LEVEL = "-Onone";
			};
			name = Debug;
		};
		B92305342C5766A70032BF5C /* Release */ = {
			isa = XCBuildConfiguration;
			buildSettings = {
				ALWAYS_SEARCH_USER_PATHS = NO;
				ASSETCATALOG_COMPILER_GENERATE_SWIFT_ASSET_SYMBOL_EXTENSIONS = YES;
				CLANG_ANALYZER_NONNULL = YES;
				CLANG_ANALYZER_NUMBER_OBJECT_CONVERSION = YES_AGGRESSIVE;
				CLANG_CXX_LANGUAGE_STANDARD = "gnu++20";
				CLANG_ENABLE_MODULES = YES;
				CLANG_ENABLE_OBJC_ARC = YES;
				CLANG_ENABLE_OBJC_WEAK = YES;
				CLANG_WARN_BLOCK_CAPTURE_AUTORELEASING = YES;
				CLANG_WARN_BOOL_CONVERSION = YES;
				CLANG_WARN_COMMA = YES;
				CLANG_WARN_CONSTANT_CONVERSION = YES;
				CLANG_WARN_DEPRECATED_OBJC_IMPLEMENTATIONS = YES;
				CLANG_WARN_DIRECT_OBJC_ISA_USAGE = YES_ERROR;
				CLANG_WARN_DOCUMENTATION_COMMENTS = YES;
				CLANG_WARN_EMPTY_BODY = YES;
				CLANG_WARN_ENUM_CONVERSION = YES;
				CLANG_WARN_INFINITE_RECURSION = YES;
				CLANG_WARN_INT_CONVERSION = YES;
				CLANG_WARN_NON_LITERAL_NULL_CONVERSION = YES;
				CLANG_WARN_OBJC_IMPLICIT_RETAIN_SELF = YES;
				CLANG_WARN_OBJC_LITERAL_CONVERSION = YES;
				CLANG_WARN_OBJC_ROOT_CLASS = YES_ERROR;
				CLANG_WARN_QUOTED_INCLUDE_IN_FRAMEWORK_HEADER = YES;
				CLANG_WARN_RANGE_LOOP_ANALYSIS = YES;
				CLANG_WARN_STRICT_PROTOTYPES = YES;
				CLANG_WARN_SUSPICIOUS_MOVE = YES;
				CLANG_WARN_UNGUARDED_AVAILABILITY = YES_AGGRESSIVE;
				CLANG_WARN_UNREACHABLE_CODE = YES;
				CLANG_WARN__DUPLICATE_METHOD_MATCH = YES;
				COPY_PHASE_STRIP = NO;
				DEBUG_INFORMATION_FORMAT = "dwarf-with-dsym";
				ENABLE_NS_ASSERTIONS = NO;
				ENABLE_STRICT_OBJC_MSGSEND = YES;
				ENABLE_USER_SCRIPT_SANDBOXING = YES;
				GCC_C_LANGUAGE_STANDARD = gnu17;
				GCC_NO_COMMON_BLOCKS = YES;
				GCC_WARN_64_TO_32_BIT_CONVERSION = YES;
				GCC_WARN_ABOUT_RETURN_TYPE = YES_ERROR;
				GCC_WARN_UNDECLARED_SELECTOR = YES;
				GCC_WARN_UNINITIALIZED_AUTOS = YES_AGGRESSIVE;
				GCC_WARN_UNUSED_FUNCTION = YES;
				GCC_WARN_UNUSED_VARIABLE = YES;
				IPHONEOS_DEPLOYMENT_TARGET = 17.5;
				LOCALIZATION_PREFERS_STRING_CATALOGS = YES;
				MTL_ENABLE_DEBUG_INFO = NO;
				MTL_FAST_MATH = YES;
				SDKROOT = iphoneos;
				SWIFT_COMPILATION_MODE = wholemodule;
				VALIDATE_PRODUCT = YES;
			};
			name = Release;
		};
		B92305362C5766A70032BF5C /* Debug */ = {
			isa = XCBuildConfiguration;
			buildSettings = {
				ASSETCATALOG_COMPILER_APPICON_NAME = AppIcon;
				ASSETCATALOG_COMPILER_GLOBAL_ACCENT_COLOR_NAME = AccentColor;
				CODE_SIGN_STYLE = Automatic;
				CURRENT_PROJECT_VERSION = 1;
				DEVELOPMENT_ASSET_PATHS = "\"Landmarks/Preview Content\"";
				ENABLE_PREVIEWS = YES;
				GENERATE_INFOPLIST_FILE = YES;
				INFOPLIST_KEY_UIApplicationSceneManifest_Generation = YES;
				INFOPLIST_KEY_UIApplicationSupportsIndirectInputEvents = YES;
				INFOPLIST_KEY_UILaunchScreen_Generation = YES;
				INFOPLIST_KEY_UISupportedInterfaceOrientations_iPad = "UIInterfaceOrientationPortrait UIInterfaceOrientationPortraitUpsideDown UIInterfaceOrientationLandscapeLeft UIInterfaceOrientationLandscapeRight";
				INFOPLIST_KEY_UISupportedInterfaceOrientations_iPhone = "UIInterfaceOrientationPortrait UIInterfaceOrientationLandscapeLeft UIInterfaceOrientationLandscapeRight";
				LD_RUNPATH_SEARCH_PATHS = (
					"$(inherited)",
					"@executable_path/Frameworks",
				);
				MARKETING_VERSION = 1.0;
				PRODUCT_BUNDLE_IDENTIFIER = com.xyz.Landmarks;
				PRODUCT_NAME = "$(TARGET_NAME)";
				SWIFT_EMIT_LOC_STRINGS = YES;
				SWIFT_VERSION = 5.0;
				TARGETED_DEVICE_FAMILY = "1,2";
			};
			name = Debug;
		};
		B92305372C5766A70032BF5C /* Release */ = {
			isa = XCBuildConfiguration;
			buildSettings = {
				ASSETCATALOG_COMPILER_APPICON_NAME = AppIcon;
				ASSETCATALOG_COMPILER_GLOBAL_ACCENT_COLOR_NAME = AccentColor;
				CODE_SIGN_STYLE = Automatic;
				CURRENT_PROJECT_VERSION = 1;
				DEVELOPMENT_ASSET_PATHS = "\"Landmarks/Preview Content\"";
				ENABLE_PREVIEWS = YES;
				GENERATE_INFOPLIST_FILE = YES;
				INFOPLIST_KEY_UIApplicationSceneManifest_Generation = YES;
				INFOPLIST_KEY_UIApplicationSupportsIndirectInputEvents = YES;
				INFOPLIST_KEY_UILaunchScreen_Generation = YES;
				INFOPLIST_KEY_UISupportedInterfaceOrientations_iPad = "UIInterfaceOrientationPortrait UIInterfaceOrientationPortraitUpsideDown UIInterfaceOrientationLandscapeLeft UIInterfaceOrientationLandscapeRight";
				INFOPLIST_KEY_UISupportedInterfaceOrientations_iPhone = "UIInterfaceOrientationPortrait UIInterfaceOrientationLandscapeLeft UIInterfaceOrientationLandscapeRight";
				LD_RUNPATH_SEARCH_PATHS = (
					"$(inherited)",
					"@executable_path/Frameworks",
				);
				MARKETING_VERSION = 1.0;
				PRODUCT_BUNDLE_IDENTIFIER = com.xyz.Landmarks;
				PRODUCT_NAME = "$(TARGET_NAME)";
				SWIFT_EMIT_LOC_STRINGS = YES;
				SWIFT_VERSION = 5.0;
				TARGETED_DEVICE_FAMILY = "1,2";
			};
			name = Release;
		};
/* End XCBuildConfiguration section */

/* Begin XCConfigurationList section */
		B92305222C5766A50032BF5C /* Build configuration list for PBXProject "Landmarks" */ = {
			isa = XCConfigurationList;
			buildConfigurations = (
				B92305332C5766A70032BF5C /* Debug */,
				B92305342C5766A70032BF5C /* Release */,
			);
			defaultConfigurationIsVisible = 0;
			defaultConfigurationName = Release;
		};
		B92305352C5766A70032BF5C /* Build configuration list for PBXNativeTarget "Landmarks" */ = {
			isa = XCConfigurationList;
			buildConfigurations = (
				B92305362C5766A70032BF5C /* Debug */,
				B92305372C5766A70032BF5C /* Release */,
			);
			defaultConfigurationIsVisible = 0;
			defaultConfigurationName = Release;
		};
/* End XCConfigurationList section */
	};
	rootObject = B923051F2C5766A50032BF5C /* Project object */;
}
